GEM
  remote: https://rubygems.org/
  specs:
    dry-cli (1.4.1)
    logger (1.7.0)
    mutex_m (0.3.0)
    nio4r (2.7.5)
    puma (6.6.1)
      nio4r (~> 2.0)
    rack (3.2.5)
    rack-proxy (0.7.7)
      rack
    roda (3.102.0)
      rack
    roda-vite (0.4.0)
      vite_ruby-roda (~> 3.0)
    tilt (2.7.0)
    vite_ruby-roda (3.9.2.3)
      dry-cli (>= 0.7, < 2)
      logger (~> 1.6)
      mutex_m
      rack-proxy (~> 0.6, >= 0.6.1)
      zeitwerk (~> 2.2)
    zeitwerk (2.7.5)

PLATFORMS
  arm64-darwin-23
  ruby

DEPENDENCIES
  puma (~> 6.6)
  roda (~> 3.91)
  roda-vite
  tilt (~> 2.6)

BUNDLED WITH
   2.6.8
